
Microsoft Visual Studio Solution File, Format Version 12.00
# Visual Studio Version 16
VisualStudioVersion = 16.0.29201.188
MinimumVisualStudioVersion = 10.0.40219.1
Project("{8BC9CEB8-8B4A-11D0-8D11-00A0C91BC942}") = "Week1", "Week1\Week1.vcxproj", "{B86805A2-864F-4510-80ED-1C6A5E0F1603}"
EndProject
Project("{8BC9CEB8-8B4A-11D0-8D11-00A0C91BC942}") = "Week2", "Week2\Week2.vcxproj", "{81449600-EA8D-4302-B4EC-20B9C9A6C851}"
EndProject
Project("{8BC9CEB8-8B4A-11D0-8D11-00A0C91BC942}") = "Week3", "Week3\Week3.vcxproj", "{F388EA92-FF1A-43DD-8A25-9976AC4B45C7}"
EndProject
Project("{8BC9CEB8-8B4A-11D0-8D11-00A0C91BC942}") = "Week4", "Week4\Week4.vcxproj", "{D0750C92-7377-4B12-AD54-A72DD1BD344C}"
EndProject
Project("{8BC9CEB8-8B4A-11D0-8D11-00A0C91BC942}") = "Week6", "Week6\Week6.vcxproj", "{FE1052CE-C847-4710-BD2F-FEAD5F715AF1}"
EndProject
Project("{8BC9CEB8-8B4A-11D0-8D11-00A0C91BC942}") = "Week5", "Week5\Week 5.vcxproj", "{01B4AC12-73ED-463C-8CA8-869C58013FF5}"
EndProject
Project("{8BC9CEB8-8B4A-11D0-8D11-00A0C91BC942}") = "Week9", "Week9\Week9.vcxproj", "{504E02A6-10DF-4797-A9C3-F610FA4F0020}"
EndProject
Project("{8BC9CEB8-8B4A-11D0-8D11-00A0C91BC942}") = "Week10", "Week10\Week10.vcxproj", "{1100742C-F6EB-4241-85D9-E3C2013B2731}"
EndProject
Project("{8BC9CEB8-8B4A-11D0-8D11-00A0C91BC942}") = "Week11", "Week11\Week11.vcxproj", "{DCEE4611-EF65-41BE-B35C-B4E16F450219}"
EndProject
Project("{8BC9CEB8-8B4A-11D0-8D11-00A0C91BC942}") = "Week12", "Week12\Week12.vcxproj", "{9843EBD0-9F61-4483-B0B8-3D63866DDA9B}"
EndProject
Project("{8BC9CEB8-8B4A-11D0-8D11-00A0C91BC942}") = "Week13", "Week13\Week13.vcxproj", "{3FE681A6-6692-4B9C-BE54-685B8390814E}"
EndProject
Project("{8BC9CEB8-8B4A-11D0-8D11-00A0C91BC942}") = "Week14", "Week14\Week14.vcxproj", "{EC5D830A-5B21-4AF7-AB2F-451A160E8539}"
EndProject
Global
	GlobalSection(SolutionConfigurationPlatforms) = preSolution
		Debug|x64 = Debug|x64
		Debug|x86 = Debug|x86
		Release|x64 = Release|x64
		Release|x86 = Release|x86
	EndGlobalSection
	GlobalSection(ProjectConfigurationPlatforms) = postSolution
		{B86805A2-864F-4510-80ED-1C6A5E0F1603}.Debug|x64.ActiveCfg = Debug|x64
		{B86805A2-864F-4510-80ED-1C6A5E0F1603}.Debug|x64.Build.0 = Debug|x64
		{B86805A2-864F-4510-80ED-1C6A5E0F1603}.Debug|x86.ActiveCfg = Debug|Win32
		{B86805A2-864F-4510-80ED-1C6A5E0F1603}.Debug|x86.Build.0 = Debug|Win32
		{B86805A2-864F-4510-80ED-1C6A5E0F1603}.Release|x64.ActiveCfg = Release|x64
		{B86805A2-864F-4510-80ED-1C6A5E0F1603}.Release|x64.Build.0 = Release|x64
		{B86805A2-864F-4510-80ED-1C6A5E0F1603}.Release|x86.ActiveCfg = Release|Win32
		{B86805A2-864F-4510-80ED-1C6A5E0F1603}.Release|x86.Build.0 = Release|Win32
		{81449600-EA8D-4302-B4EC-20B9C9A6C851}.Debug|x64.ActiveCfg = Debug|x64
		{81449600-EA8D-4302-B4EC-20B9C9A6C851}.Debug|x64.Build.0 = Debug|x64
		{81449600-EA8D-4302-B4EC-20B9C9A6C851}.Debug|x86.ActiveCfg = Debug|Win32
		{81449600-EA8D-4302-B4EC-20B9C9A6C851}.Debug|x86.Build.0 = Debug|Win32
		{81449600-EA8D-4302-B4EC-20B9C9A6C851}.Release|x64.ActiveCfg = Release|x64
		{81449600-EA8D-4302-B4EC-20B9C9A6C851}.Release|x64.Build.0 = Release|x64
		{81449600-EA8D-4302-B4EC-20B9C9A6C851}.Release|x86.ActiveCfg = Release|Win32
		{81449600-EA8D-4302-B4EC-20B9C9A6C851}.Release|x86.Build.0 = Release|Win32
		{F388EA92-FF1A-43DD-8A25-9976AC4B45C7}.Debug|x64.ActiveCfg = Debug|x64
		{F388EA92-FF1A-43DD-8A25-9976AC4B45C7}.Debug|x64.Build.0 = Debug|x64
		{F388EA92-FF1A-43DD-8A25-9976AC4B45C7}.Debug|x86.ActiveCfg = Debug|Win32
		{F388EA92-FF1A-43DD-8A25-9976AC4B45C7}.Debug|x86.Build.0 = Debug|Win32
		{F388EA92-FF1A-43DD-8A25-9976AC4B45C7}.Release|x64.ActiveCfg = Release|x64
		{F388EA92-FF1A-43DD-8A25-9976AC4B45C7}.Release|x64.Build.0 = Release|x64
		{F388EA92-FF1A-43DD-8A25-9976AC4B45C7}.Release|x86.ActiveCfg = Release|Win32
		{F388EA92-FF1A-43DD-8A25-9976AC4B45C7}.Release|x86.Build.0 = Release|Win32
		{D0750C92-7377-4B12-AD54-A72DD1BD344C}.Debug|x64.ActiveCfg = Debug|x64
		{D0750C92-7377-4B12-AD54-A72DD1BD344C}.Debug|x64.Build.0 = Debug|x64
		{D0750C92-7377-4B12-AD54-A72DD1BD344C}.Debug|x86.ActiveCfg = Debug|Win32
		{D0750C92-7377-4B12-AD54-A72DD1BD344C}.Debug|x86.Build.0 = Debug|Win32
		{D0750C92-7377-4B12-AD54-A72DD1BD344C}.Release|x64.ActiveCfg = Release|x64
		{D0750C92-7377-4B12-AD54-A72DD1BD344C}.Release|x64.Build.0 = Release|x64
		{D0750C92-7377-4B12-AD54-A72DD1BD344C}.Release|x86.ActiveCfg = Release|Win32
		{D0750C92-7377-4B12-AD54-A72DD1BD344C}.Release|x86.Build.0 = Release|Win32
		{FE1052CE-C847-4710-BD2F-FEAD5F715AF1}.Debug|x64.ActiveCfg = Debug|x64
		{FE1052CE-C847-4710-BD2F-FEAD5F715AF1}.Debug|x64.Build.0 = Debug|x64
		{FE1052CE-C847-4710-BD2F-FEAD5F715AF1}.Debug|x86.ActiveCfg = Debug|Win32
		{FE1052CE-C847-4710-BD2F-FEAD5F715AF1}.Debug|x86.Build.0 = Debug|Win32
		{FE1052CE-C847-4710-BD2F-FEAD5F715AF1}.Release|x64.ActiveCfg = Release|x64
		{FE1052CE-C847-4710-BD2F-FEAD5F715AF1}.Release|x64.Build.0 = Release|x64
		{FE1052CE-C847-4710-BD2F-FEAD5F715AF1}.Release|x86.ActiveCfg = Release|Win32
		{FE1052CE-C847-4710-BD2F-FEAD5F715AF1}.Release|x86.Build.0 = Release|Win32
		{01B4AC12-73ED-463C-8CA8-869C58013FF5}.Debug|x64.ActiveCfg = Debug|x64
		{01B4AC12-73ED-463C-8CA8-869C58013FF5}.Debug|x64.Build.0 = Debug|x64
		{01B4AC12-73ED-463C-8CA8-869C58013FF5}.Debug|x86.ActiveCfg = Debug|Win32
		{01B4AC12-73ED-463C-8CA8-869C58013FF5}.Debug|x86.Build.0 = Debug|Win32
		{01B4AC12-73ED-463C-8CA8-869C58013FF5}.Release|x64.ActiveCfg = Release|x64
		{01B4AC12-73ED-463C-8CA8-869C58013FF5}.Release|x64.Build.0 = Release|x64
		{01B4AC12-73ED-463C-8CA8-869C58013FF5}.Release|x86.ActiveCfg = Release|Win32
		{01B4AC12-73ED-463C-8CA8-869C58013FF5}.Release|x86.Build.0 = Release|Win32
		{504E02A6-10DF-4797-A9C3-F610FA4F0020}.Debug|x64.ActiveCfg = Debug|x64
		{504E02A6-10DF-4797-A9C3-F610FA4F0020}.Debug|x64.Build.0 = Debug|x64
		{504E02A6-10DF-4797-A9C3-F610FA4F0020}.Debug|x86.ActiveCfg = Debug|Win32
		{504E02A6-10DF-4797-A9C3-F610FA4F0020}.Debug|x86.Build.0 = Debug|Win32
		{504E02A6-10DF-4797-A9C3-F610FA4F0020}.Release|x64.ActiveCfg = Release|x64
		{504E02A6-10DF-4797-A9C3-F610FA4F0020}.Release|x64.Build.0 = Release|x64
		{504E02A6-10DF-4797-A9C3-F610FA4F0020}.Release|x86.ActiveCfg = Release|Win32
		{504E02A6-10DF-4797-A9C3-F610FA4F0020}.Release|x86.Build.0 = Release|Win32
		{1100742C-F6EB-4241-85D9-E3C2013B2731}.Debug|x64.ActiveCfg = Debug|x64
		{1100742C-F6EB-4241-85D9-E3C2013B2731}.Debug|x64.Build.0 = Debug|x64
		{1100742C-F6EB-4241-85D9-E3C2013B2731}.Debug|x86.ActiveCfg = Debug|Win32
		{1100742C-F6EB-4241-85D9-E3C2013B2731}.Debug|x86.Build.0 = Debug|Win32
		{1100742C-F6EB-4241-85D9-E3C2013B2731}.Release|x64.ActiveCfg = Release|x64
		{1100742C-F6EB-4241-85D9-E3C2013B2731}.Release|x64.Build.0 = Release|x64
		{1100742C-F6EB-4241-85D9-E3C2013B2731}.Release|x86.ActiveCfg = Release|Win32
		{1100742C-F6EB-4241-85D9-E3C2013B2731}.Release|x86.Build.0 = Release|Win32
		{DCEE4611-EF65-41BE-B35C-B4E16F450219}.Debug|x64.ActiveCfg = Debug|x64
		{DCEE4611-EF65-41BE-B35C-B4E16F450219}.Debug|x64.Build.0 = Debug|x64
		{DCEE4611-EF65-41BE-B35C-B4E16F450219}.Debug|x86.ActiveCfg = Debug|Win32
		{DCEE4611-EF65-41BE-B35C-B4E16F450219}.Debug|x86.Build.0 = Debug|Win32
		{DCEE4611-EF65-41BE-B35C-B4E16F450219}.Release|x64.ActiveCfg = Release|x64
		{DCEE4611-EF65-41BE-B35C-B4E16F450219}.Release|x64.Build.0 = Release|x64
		{DCEE4611-EF65-41BE-B35C-B4E16F450219}.Release|x86.ActiveCfg = Release|Win32
		{DCEE4611-EF65-41BE-B35C-B4E16F450219}.Release|x86.Build.0 = Release|Win32
		{9843EBD0-9F61-4483-B0B8-3D63866DDA9B}.Debug|x64.ActiveCfg = Debug|x64
		{9843EBD0-9F61-4483-B0B8-3D63866DDA9B}.Debug|x64.Build.0 = Debug|x64
		{9843EBD0-9F61-4483-B0B8-3D63866DDA9B}.Debug|x86.ActiveCfg = Debug|Win32
		{9843EBD0-9F61-4483-B0B8-3D63866DDA9B}.Debug|x86.Build.0 = Debug|Win32
		{9843EBD0-9F61-4483-B0B8-3D63866DDA9B}.Release|x64.ActiveCfg = Release|x64
		{9843EBD0-9F61-4483-B0B8-3D63866DDA9B}.Release|x64.Build.0 = Release|x64
		{9843EBD0-9F61-4483-B0B8-3D63866DDA9B}.Release|x86.ActiveCfg = Release|Win32
		{9843EBD0-9F61-4483-B0B8-3D63866DDA9B}.Release|x86.Build.0 = Release|Win32
		{3FE681A6-6692-4B9C-BE54-685B8390814E}.Debug|x64.ActiveCfg = Debug|x64
		{3FE681A6-6692-4B9C-BE54-685B8390814E}.Debug|x64.Build.0 = Debug|x64
		{3FE681A6-6692-4B9C-BE54-685B8390814E}.Debug|x86.ActiveCfg = Debug|Win32
		{3FE681A6-6692-4B9C-BE54-685B8390814E}.Debug|x86.Build.0 = Debug|Win32
		{3FE681A6-6692-4B9C-BE54-685B8390814E}.Release|x64.ActiveCfg = Release|x64
		{3FE681A6-6692-4B9C-BE54-685B8390814E}.Release|x64.Build.0 = Release|x64
		{3FE681A6-6692-4B9C-BE54-685B8390814E}.Release|x86.ActiveCfg = Release|Win32
		{3FE681A6-6692-4B9C-BE54-685B8390814E}.Release|x86.Build.0 = Release|Win32
		{EC5D830A-5B21-4AF7-AB2F-451A160E8539}.Debug|x64.ActiveCfg = Debug|x64
		{EC5D830A-5B21-4AF7-AB2F-451A160E8539}.Debug|x64.Build.0 = Debug|x64
		{EC5D830A-5B21-4AF7-AB2F-451A160E8539}.Debug|x86.ActiveCfg = Debug|Win32
		{EC5D830A-5B21-4AF7-AB2F-451A160E8539}.Debug|x86.Build.0 = Debug|Win32
		{EC5D830A-5B21-4AF7-AB2F-451A160E8539}.Release|x64.ActiveCfg = Release|x64
		{EC5D830A-5B21-4AF7-AB2F-451A160E8539}.Release|x64.Build.0 = Release|x64
		{EC5D830A-5B21-4AF7-AB2F-451A160E8539}.Release|x86.ActiveCfg = Release|Win32
		{EC5D830A-5B21-4AF7-AB2F-451A160E8539}.Release|x86.Build.0 = Release|Win32
	EndGlobalSection
	GlobalSection(SolutionProperties) = preSolution
		HideSolutionNode = FALSE
	EndGlobalSection
	GlobalSection(ExtensibilityGlobals) = postSolution
		SolutionGuid = {04E5CBF1-AE48-406E-9488-58D842A7713E}
	EndGlobalSection
EndGlobal
